
Microsoft Visual Studio Solution File, Format Version 12.00
# Visual Studio Version 17
VisualStudioVersion = 17.8.34525.116
MinimumVisualStudioVersion = 10.0.40219.1
Project("{9A19103F-16F7-4668-BE54-9A1E7A4F7556}") = "Exercicio1", "Exercicio1\Exercicio1.csproj", "{BB3FA408-4BDB-471F-BD5C-25A8B44EAD5B}"
EndProject
Project("{9A19103F-16F7-4668-BE54-9A1E7A4F7556}") = "Exercicio2", "Exercicio2\Exercicio2.csproj", "{BF3EA6F6-4F53-4BD1-840E-8460A6F806D9}"
EndProject
Project("{FAE04EC0-301F-11D3-BF4B-00C04F79EFBC}") = "Exercicio3", "Exercicio3\Exercicio3.csproj", "{48B316F7-30C9-47E0-BB00-8237CC8F9B10}"
EndProject
Global
	GlobalSection(SolutionConfigurationPlatforms) = preSolution
		Debug|Any CPU = Debug|Any CPU
		Release|Any CPU = Release|Any CPU
	EndGlobalSection
	GlobalSection(ProjectConfigurationPlatforms) = postSolution
		{BB3FA408-4BDB-471F-BD5C-25A8B44EAD5B}.Debug|Any CPU.ActiveCfg = Debug|Any CPU
		{BB3FA408-4BDB-471F-BD5C-25A8B44EAD5B}.Debug|Any CPU.Build.0 = Debug|Any CPU
		{BB3FA408-4BDB-471F-BD5C-25A8B44EAD5B}.Release|Any CPU.ActiveCfg = Release|Any CPU
		{BB3FA408-4BDB-471F-BD5C-25A8B44EAD5B}.Release|Any CPU.Build.0 = Release|Any CPU
		{BF3EA6F6-4F53-4BD1-840E-8460A6F806D9}.Debug|Any CPU.ActiveCfg = Debug|Any CPU
		{BF3EA6F6-4F53-4BD1-840E-8460A6F806D9}.Debug|Any CPU.Build.0 = Debug|Any CPU
		{BF3EA6F6-4F53-4BD1-840E-8460A6F806D9}.Release|Any CPU.ActiveCfg = Release|Any CPU
		{BF3EA6F6-4F53-4BD1-840E-8460A6F806D9}.Release|Any CPU.Build.0 = Release|Any CPU
		{48B316F7-30C9-47E0-BB00-8237CC8F9B10}.Debug|Any CPU.ActiveCfg = Debug|Any CPU
		{48B316F7-30C9-47E0-BB00-8237CC8F9B10}.Debug|Any CPU.Build.0 = Debug|Any CPU
		{48B316F7-30C9-47E0-BB00-8237CC8F9B10}.Release|Any CPU.ActiveCfg = Release|Any CPU
		{48B316F7-30C9-47E0-BB00-8237CC8F9B10}.Release|Any CPU.Build.0 = Release|Any CPU
	EndGlobalSection
	GlobalSection(SolutionProperties) = preSolution
		HideSolutionNode = FALSE
	EndGlobalSection
	GlobalSection(ExtensibilityGlobals) = postSolution
		SolutionGuid = {F675CE5C-5108-4607-86E8-70B4CD09C49D}
	EndGlobalSection
EndGlobal
